
Microsoft Visual Studio Solution File, Format Version 12.00
# Visual Studio Version 17
VisualStudioVersion = 17.8.34330.188
MinimumVisualStudioVersion = 10.0.40219.1
Project("{FAE04EC0-301F-11D3-BF4B-00C04F79EFBC}") = "Client.API", "Client.API\Client.API.csproj", "{2A021027-1784-44E8-A7F9-C258E4F733E6}"
EndProject
Project("{FAE04EC0-301F-11D3-BF4B-00C04F79EFBC}") = "Client.Service", "Client.Service\Client.Service.csproj", "{A4F0864E-C159-41D6-801C-DEB1DCDF4B6B}"
EndProject
Project("{FAE04EC0-301F-11D3-BF4B-00C04F79EFBC}") = "Client.Model", "Client.Model\Client.Model.csproj", "{9B73B2E9-BE4B-4ED5-B1E8-B85B2E9A62CA}"
EndProject
Project("{FAE04EC0-301F-11D3-BF4B-00C04F79EFBC}") = "Client.Test", "Client.Test\Client.Test.csproj", "{3268751F-B967-47AF-B7C7-F2810C887E9F}"
EndProject
Global
	GlobalSection(SolutionConfigurationPlatforms) = preSolution
		Debug|Any CPU = Debug|Any CPU
		Release|Any CPU = Release|Any CPU
	EndGlobalSection
	GlobalSection(ProjectConfigurationPlatforms) = postSolution
		{2A021027-1784-44E8-A7F9-C258E4F733E6}.Debug|Any CPU.ActiveCfg = Debug|Any CPU
		{2A021027-1784-44E8-A7F9-C258E4F733E6}.Debug|Any CPU.Build.0 = Debug|Any CPU
		{2A021027-1784-44E8-A7F9-C258E4F733E6}.Release|Any CPU.ActiveCfg = Release|Any CPU
		{2A021027-1784-44E8-A7F9-C258E4F733E6}.Release|Any CPU.Build.0 = Release|Any CPU
		{A4F0864E-C159-41D6-801C-DEB1DCDF4B6B}.Debug|Any CPU.ActiveCfg = Debug|Any CPU
		{A4F0864E-C159-41D6-801C-DEB1DCDF4B6B}.Debug|Any CPU.Build.0 = Debug|Any CPU
		{A4F0864E-C159-41D6-801C-DEB1DCDF4B6B}.Release|Any CPU.ActiveCfg = Release|Any CPU
		{A4F0864E-C159-41D6-801C-DEB1DCDF4B6B}.Release|Any CPU.Build.0 = Release|Any CPU
		{9B73B2E9-BE4B-4ED5-B1E8-B85B2E9A62CA}.Debug|Any CPU.ActiveCfg = Debug|Any CPU
		{9B73B2E9-BE4B-4ED5-B1E8-B85B2E9A62CA}.Debug|Any CPU.Build.0 = Debug|Any CPU
		{9B73B2E9-BE4B-4ED5-B1E8-B85B2E9A62CA}.Release|Any CPU.ActiveCfg = Release|Any CPU
		{9B73B2E9-BE4B-4ED5-B1E8-B85B2E9A62CA}.Release|Any CPU.Build.0 = Release|Any CPU
		{3268751F-B967-47AF-B7C7-F2810C887E9F}.Debug|Any CPU.ActiveCfg = Debug|Any CPU
		{3268751F-B967-47AF-B7C7-F2810C887E9F}.Debug|Any CPU.Build.0 = Debug|Any CPU
		{3268751F-B967-47AF-B7C7-F2810C887E9F}.Release|Any CPU.ActiveCfg = Release|Any CPU
		{3268751F-B967-47AF-B7C7-F2810C887E9F}.Release|Any CPU.Build.0 = Release|Any CPU
	EndGlobalSection
	GlobalSection(SolutionProperties) = preSolution
		HideSolutionNode = FALSE
	EndGlobalSection
	GlobalSection(ExtensibilityGlobals) = postSolution
		SolutionGuid = {596AC39F-C77A-4890-9366-5BC8A2D88C8B}
	EndGlobalSection
EndGlobal
